
Microsoft Visual Studio Solution File, Format Version 12.00
# Visual Studio Version 17
VisualStudioVersion = 17.9.34728.123
MinimumVisualStudioVersion = 10.0.40219.1
Project("{9A19103F-16F7-4668-BE54-9A1E7A4F7556}") = "TrilhaApiDesafio", "TrilhaApiDesafio.csproj", "{225B6A4A-E299-4B49-972C-190B728A03A0}"
EndProject
Global
	GlobalSection(SolutionConfigurationPlatforms) = preSolution
		Debug|Any CPU = Debug|Any CPU
		Release|Any CPU = Release|Any CPU
	EndGlobalSection
	GlobalSection(ProjectConfigurationPlatforms) = postSolution
		{225B6A4A-E299-4B49-972C-190B728A03A0}.Debug|Any CPU.ActiveCfg = Debug|Any CPU
		{225B6A4A-E299-4B49-972C-190B728A03A0}.Debug|Any CPU.Build.0 = Debug|Any CPU
		{225B6A4A-E299-4B49-972C-190B728A03A0}.Release|Any CPU.ActiveCfg = Release|Any CPU
		{225B6A4A-E299-4B49-972C-190B728A03A0}.Release|Any CPU.Build.0 = Release|Any CPU
	EndGlobalSection
	GlobalSection(SolutionProperties) = preSolution
		HideSolutionNode = FALSE
	EndGlobalSection
	GlobalSection(ExtensibilityGlobals) = postSolution
		SolutionGuid = {AF3D7A08-7A8B-4588-828F-C2BEB4387C11}
	EndGlobalSection
EndGlobal
